<?xml version="1.0" encoding="utf-8"?>
<Project ToolsVersion="4.0" xmlns="http://schemas.microsoft.com/developer/msbuild/2003">
  <ItemGroup>
    <Filter Include="Source Files">
      <UniqueIdentifier>{4FC737F1-C7A5-4376-A066-2A32D752A2FF}</UniqueIdentifier>
      <Extensions>cpp;c;cc;cxx;def;odl;idl;hpj;bat;asm;asmx</Extensions>
    </Filter>
    <Filter Include="Header Files">
      <UniqueIdentifier>{93995380-89BD-4b04-88EB-625FBE52EBFB}</UniqueIdentifier>
      <Extensions>h;hh;hpp;hxx;hm;inl;inc;xsd</Extensions>
    </Filter>
    <Filter Include="Resource Files">
      <UniqueIdentifier>{67DA6AB6-F800-4c08-8B7A-83BB121AAD01}</UniqueIdentifier>
      <Extensions>rc;ico;cur;bmp;dlg;rc2;rct;bin;rgs;gif;jpg;jpeg;jpe;resx;tiff;tif;png;wav;mfcribbon-ms</Extensions>
    </Filter>
    <Filter Include="Header Files\version">
      <UniqueIdentifier>{f587e3fa-18b6-4759-85e3-5a682c96caa5}</UniqueIdentifier>
    </Filter>
    <Filter Include="Header Files\binary_tree">
      <UniqueIdentifier>{8a5f94e5-ec8c-414d-8342-e8fe3e639600}</UniqueIdentifier>
    </Filter>
    <Filter Include="Header Files\vector">
      <UniqueIdentifier>{fd3bb9bb-b6ab-4452-96a8-b4bbbaa6e6de}</UniqueIdentifier>
    </Filter>
    <Filter Include="Header Files\map">
      <UniqueIdentifier>{6c50435a-77ee-45b4-89e6-6557f9f6d240}</UniqueIdentifier>
    </Filter>
    <Filter Include="Header Files\include">
      <UniqueIdentifier>{9aba7c87-becf-4618-ae72-e0210964b426}</UniqueIdentifier>
    </Filter>
    <Filter Include="Header Files\persistent">
      <UniqueIdentifier>{1e43f710-327f-46f5-92df-dc8428b355f5}</UniqueIdentifier>
    </Filter>
  </ItemGroup>
  <ItemGroup>
    <ClCompile Include="main.cpp">
      <Filter>Source Files</Filter>
    </ClCompile>
    <ClCompile Include="version\version_tree.h">
      <Filter>Header Files\version</Filter>
    </ClCompile>
    <ClCompile Include="map\map.cpp">
      <Filter>Header Files\map</Filter>
    </ClCompile>
    <ClCompile Include="version\version.cpp">
      <Filter>Source Files</Filter>
    </ClCompile>
  </ItemGroup>
  <ItemGroup>
    <ClInclude Include="version\version.h">
      <Filter>Header Files\version</Filter>
    </ClInclude>
    <ClInclude Include="utils.h">
      <Filter>Header Files</Filter>
    </ClInclude>
    <ClInclude Include="include\persistent.h">
      <Filter>Header Files\include</Filter>
    </ClInclude>
    <ClInclude Include="binary_tree\binary_tree.h">
      <Filter>Header Files\binary_tree</Filter>
    </ClInclude>
    <ClInclude Include="binary_tree\binary_tree_node.h">
      <Filter>Header Files\binary_tree</Filter>
    </ClInclude>
    <ClInclude Include="binary_tree\key_value_entry.h">
      <Filter>Header Files\binary_tree</Filter>
    </ClInclude>
    <ClInclude Include="persistent\persistent_structure.h">
      <Filter>Header Files\persistent</Filter>
    </ClInclude>
  </ItemGroup>
</Project>